
Microsoft Visual Studio Solution File, Format Version 12.00
# Visual Studio Version 17
VisualStudioVersion = 17.14.36401.2
MinimumVisualStudioVersion = 10.0.40219.1
Project("{FAE04EC0-301F-11D3-BF4B-00C04F79EFBC}") = "telegram-bot-tasks", "telegram-bot-tasks\telegram-bot-tasks.csproj", "{23C4C3A2-A214-4A39-8536-FBE3993DEE34}"
EndProject
Project("{FAE04EC0-301F-11D3-BF4B-00C04F79EFBC}") = "Tasks.Backend", "Tasks.Backend\Tasks.Backend.csproj", "{D4918461-8FC9-4483-96ED-224FB81FDD05}"
EndProject
Global
	GlobalSection(SolutionConfigurationPlatforms) = preSolution
		Debug|Any CPU = Debug|Any CPU
		Release|Any CPU = Release|Any CPU
	EndGlobalSection
	GlobalSection(ProjectConfigurationPlatforms) = postSolution
		{23C4C3A2-A214-4A39-8536-FBE3993DEE34}.Debug|Any CPU.ActiveCfg = Debug|Any CPU
		{23C4C3A2-A214-4A39-8536-FBE3993DEE34}.Debug|Any CPU.Build.0 = Debug|Any CPU
		{23C4C3A2-A214-4A39-8536-FBE3993DEE34}.Release|Any CPU.ActiveCfg = Release|Any CPU
		{23C4C3A2-A214-4A39-8536-FBE3993DEE34}.Release|Any CPU.Build.0 = Release|Any CPU
		{D4918461-8FC9-4483-96ED-224FB81FDD05}.Debug|Any CPU.ActiveCfg = Debug|Any CPU
		{D4918461-8FC9-4483-96ED-224FB81FDD05}.Debug|Any CPU.Build.0 = Debug|Any CPU
		{D4918461-8FC9-4483-96ED-224FB81FDD05}.Release|Any CPU.ActiveCfg = Release|Any CPU
		{D4918461-8FC9-4483-96ED-224FB81FDD05}.Release|Any CPU.Build.0 = Release|Any CPU
	EndGlobalSection
	GlobalSection(SolutionProperties) = preSolution
		HideSolutionNode = FALSE
	EndGlobalSection
	GlobalSection(ExtensibilityGlobals) = postSolution
		SolutionGuid = {C73B0AC5-A79A-4BCC-9E8E-80ECCC9B9E45}
	EndGlobalSection
EndGlobal
